version = 1
revision = 2
requires-python = ">=3.10"

[[package]]
name = "colorama"
version = "0.4.6"
source = { registry = "https://pypi.org/simple" }
sdist = { url = "https://files.pythonhosted.org/packages/d8/53/6f443c9a4a8358a93a6792e2acffb9d9d5cb0a5cfd8802644b7b1c9a02e4/colorama-0.4.6.tar.gz", hash = "sha256:08695f5cb7ed6e0531a20572697297273c47b8cae5a63ffc6d6ed5c201be6e44", size = 27697, upload-time = "2022-10-25T02:36:22.414Z" }
wheels = [
    { url = "https://files.pythonhosted.org/packages/d1/d6/3965ed04c63042e047cb6a3e6ed1a63a35087b6a609aa3a15ed8ac56c221/colorama-0.4.6-py2.py3-none-any.whl", hash = "sha256:4f1d9991f5acc0ca119f9d443620b77f9d6b33703e51011c16baf57afb285fc6", size = 25335, upload-time = "2022-10-25T02:36:20.889Z" },
]

[[package]]
name = "crap-everything"
version = "0.1.0"
source = { editable = "." }
dependencies = [
    { name = "tomli", marker = "python_full_version < '3.11'" },
    { name = "tree-sitter" },
    { name = "tree-sitter-kotlin" },
]

[package.optional-dependencies]
dev = [
    { name = "pytest" },
]

[package.metadata]
requires-dist = [
    { name = "pytest", marker = "extra == 'dev'", specifier = ">=7" },
    { name = "tomli", marker = "python_full_version < '3.11'", specifier = ">=2" },
    { name = "tree-sitter", specifier = ">=0.25,<0.27" },
    { name = "tree-sitter-kotlin", specifier = ">=1.1,<2" },
]
provides-extras = ["dev"]

[[package]]
name = "exceptiongroup"
version = "1.3.1"
source = { registry = "https://pypi.org/simple" }
dependencies = [
    { name = "typing-extensions", marker = "python_full_version < '3.13'" },
]
sdist = { url = "https://files.pythonhosted.org/packages/50/79/66800aadf48771f6b62f7eb014e352e5d06856655206165d775e675a02c9/exceptiongroup-1.3.1.tar.gz", hash = "sha256:8b412432c6055b0b7d14c310000ae93352ed6754f70fa8f7c34141f91c4e3219", size = 30371, upload-time = "2025-11-21T23:01:54.787Z" }
wheels = [
    { url = "https://files.pythonhosted.org/packages/8a/0e/97c33bf5009bdbac74fd2beace167cab3f978feb69cc36f1ef79360d6c4e/exceptiongroup-1.3.1-py3-none-any.whl", hash = "sha256:a7a39a3bd276781e98394987d3a5701d0c4edffb633bb7a5144577f82c773598", size = 16740, upload-time = "2025-11-21T23:01:53.443Z" },
]

[[package]]
name = "iniconfig"
version = "2.3.0"
source = { registry = "https://pypi.org/simple" }
sdist = { url = "https://files.pythonhosted.org/packages/72/34/14ca021ce8e5dfedc35312d08ba8bf51fdd999c576889fc2c24cb97f4f10/iniconfig-2.3.0.tar.gz", hash = "sha256:c76315c77db068650d49c5b56314774a7804df16fee4402c1f19d6d15d8c4730", size = 20503, upload-time = "2025-10-18T21:55:43.219Z" }
wheels = [
    { url = "https://files.pythonhosted.org/packages/cb/b1/3846dd7f199d53cb17f49cba7e651e9ce294d8497c8c150530ed11865bb8/iniconfig-2.3.0-py3-none-any.whl", hash = "sha256:f631c04d2c48c52b84d0d0549c99ff3859c98df65b3101406327ecc7d53fbf12", size = 7484, upload-time = "2025-10-18T21:55:41.639Z" },
]

[[package]]
name = "packaging"
version = "26.3"
source = { registry = "https://pypi.org/simple" }
sdist = { url = "https://files.pythonhosted.org/packages/7d/fa/3944b40b07da9ce895c0e6303a5ab7d53da063554f534556b134a54d6093/packaging-26.3.tar.gz", hash = "sha256:94edc256424af38762eb31306eed28beb9f0efc50a8837492c9d6fd6004aed79", size = 313412, upload-time = "2026-08-04T18:15:28.737Z" }
wheels = [
    { url = "https://files.pythonhosted.org/packages/63/34/ba1c580383c9eada3711951fef0795c80b829a078d72188184bcab9dd527/packaging-26.3-py3-none-any.whl", hash = "sha256:d7193f7c8e4e93f444fde0262bf90af30e16fa0ad0ad44cb553c87339b23cd1c", size = 129956, upload-time = "2026-08-04T18:15:27.159Z" },
]

[[package]]
name = "pluggy"
version = "1.6.0"
source = { registry = "https://pypi.org/simple" }
sdist = { url = "https://files.pythonhosted.org/packages/f9/e2/3e91f31a7d2b083fe6ef3fa267035b518369d9511ffab804f839851d2779/pluggy-1.6.0.tar.gz", hash = "sha256:7dcc130b76258d33b90f61b658791dede3486c3e6bfb003ee5c9bfb396dd22f3", size = 69412, upload-time = "2025-05-15T12:30:07.975Z" }
wheels = [
    { url = "https://files.pythonhosted.org/packages/54/20/4d324d65cc6d9205fabedc306948156824eb9f0ee1633355a8f7ec5c66bf/pluggy-1.6.0-py3-none-any.whl", hash = "sha256:e920276dd6813095e9377c0bc5566d94c932c33b27a3e3945d8389c374dd4746", size = 20538, upload-time = "2025-05-15T12:30:06.134Z" },
]

[[package]]
name = "pygments"
version = "2.21.0"
source = { registry = "https://pypi.org/simple" }
sdist = { url = "https://files.pythonhosted.org/packages/49/2e/ced460408999b33da6b31b0021b0f37d329e202d4169aeb164493778f25b/pygments-2.21.0.tar.gz", hash = "sha256:610ca751c9bc2492b38eb9a38a7fbc93edbbb2d7182edaf34e66ae493dee5c8c", size = 5005329, upload-time = "2026-08-17T08:02:48.824Z" }
wheels = [
    { url = "https://files.pythonhosted.org/packages/71/46/17f022dd3e953bf20a04a028a21ec746d942f8d2af30fa0f124fa0e6a684/pygments-2.21.0-py3-none-any.whl", hash = "sha256:2363c69b61c4a97c838da3b130dcd6468f4848992b21a82f2a63ec34377137d9", size = 1250147, upload-time = "2026-08-17T08:02:44.912Z" },
]

[[package]]
name = "pytest"
version = "9.1.1"
source = { registry = "https://pypi.org/simple" }
dependencies = [
    { name = "colorama", marker = "sys_platform == 'win32'" },
    { name = "exceptiongroup", marker = "python_full_version < '3.11'" },
    { name = "iniconfig" },
    { name = "packaging" },
    { name = "pluggy" },
    { name = "pygments" },
    { name = "tomli", marker = "python_full_version < '3.11'" },
]
sdist = { url = "https://files.pythonhosted.org/packages/e4/47/b9efed96c114afcfa3c9d3fe98a76a1d14c74a9e266d397cf6eb64be5e01/pytest-9.1.1.tar.gz", hash = "sha256:1088fbde8f2b49d95a549a195707afa7a76a3ce9bcadc26b6d71f0ffda5fe313", size = 1636369, upload-time = "2026-06-19T10:58:32.857Z" }
wheels = [
    { url = "https://files.pythonhosted.org/packages/24/25/1de2678b631f5a49215c6c96fff41ba892b0a34df68d6d80292b1b48aa7f/pytest-9.1.1-py3-none-any.whl", hash = "sha256:37a86b45efb9a47a61a36449063e8e18d0cab3161329fc099eb21783169c4f0c", size = 386536, upload-time = "2026-06-19T10:58:31.347Z" },
]

[[package]]
name = "tomli"
version = "2.4.1"
source = { registry = "https://pypi.org/simple" }
sdist = { url = "https://files.pythonhosted.org/packages/22/de/48c59722572767841493b26183a0d1cc411d54fd759c5607c4590b6563a6/tomli-2.4.1.tar.gz", hash = "sha256:7c7e1a961a0b2f2472c1ac5b69affa0ae1132c39adcb67aba98568702b9cc23f", size = 17543, upload-time = "2026-03-25T20:22:03.828Z" }
wheels = [
    { url = "https://files.pythonhosted.org/packages/f4/11/db3d5885d8528263d8adc260bb2d28ebf1270b96e98f0e0268d32b8d9900/tomli-2.4.1-cp311-cp311-macosx_10_9_x86_64.whl", hash = "sha256:f8f0fc26ec2cc2b965b7a3b87cd19c5c6b8c5e5f436b984e85f486d652285c30", size = 154704, upload-time = "2026-03-25T20:21:10.473Z" },
    { url = "https://files.pythonhosted.org/packages/6d/f7/675db52c7e46064a9aa928885a9b20f4124ecb9bc2e1ce74c9106648d202/tomli-2.4.1-cp311-cp311-macosx_11_0_arm64.whl", hash = "sha256:4ab97e64ccda8756376892c53a72bd1f964e519c77236368527f758fbc36a53a", size = 149454, upload-time = "2026-03-25T20:21:12.036Z" },
    { url = "https://files.pythonhosted.org/packages/61/71/81c50943cf953efa35bce7646caab3cf457a7d8c030b27cfb40d7235f9ee/tomli-2.4.1-cp311-cp311-manylinux2014_aarch64.manylinux_2_17_aarch64.manylinux_2_28_aarch64.whl", hash = "sha256:96481a5786729fd470164b47cdb3e0e58062a496f455ee41b4403be77cb5a076", size = 237561, upload-time = "2026-03-25T20:21:13.098Z" },
    { url = "https://files.pythonhosted.org/packages/48/c1/f41d9cb618acccca7df82aaf682f9b49013c9397212cb9f53219e3abac37/tomli-2.4.1-cp311-cp311-manylinux2014_x86_64.manylinux_2_17_x86_64.manylinux_2_28_x86_64.whl", hash = "sha256:5a881ab208c0baf688221f8cecc5401bd291d67e38a1ac884d6736cbcd8247e9", size = 243824, upload-time = "2026-03-25T20:21:14.569Z" },
    { url = "https://files.pythonhosted.org/packages/22/e4/5a816ecdd1f8ca51fb756ef684b90f2780afc52fc67f987e3c61d800a46d/tomli-2.4.1-cp311-cp311-musllinux_1_2_aarch64.whl", hash = "sha256:47149d5bd38761ac8be13a84864bf0b7b70bc051806bc3669ab1cbc56216b23c", size = 242227, upload-time = "2026-03-25T20:21:15.712Z" },
    { url = "https://files.pythonhosted.org/packages/6b/49/2b2a0ef529aa6eec245d25f0c703e020a73955ad7edf73e7f54ddc608aa5/tomli-2.4.1-cp311-cp311-musllinux_1_2_x86_64.whl", hash = "sha256:ec9bfaf3ad2df51ace80688143a6a4ebc09a248f6ff781a9945e51937008fcbc", size = 247859, upload-time = "2026-03-25T20:21:17.001Z" },
    { url = "https://files.pythonhosted.org/packages/83/bd/6c1a630eaca337e1e78c5903104f831bda934c426f9231429396ce3c3467/tomli-2.4.1-cp311-cp311-win32.whl", hash = "sha256:ff2983983d34813c1aeb0fa89091e76c3a22889ee83ab27c5eeb45100560c049", size = 97204, upload-time = "2026-03-25T20:21:18.079Z" },
    { url = "https://files.pythonhosted.org/packages/42/59/71461df1a885647e10b6bb7802d0b8e66480c61f3f43079e0dcd315b3954/tomli-2.4.1-cp311-cp311-win_amd64.whl", hash = "sha256:5ee18d9ebdb417e384b58fe414e8d6af9f4e7a0ae761519fb50f721de398dd4e", size = 108084, upload-time = "2026-03-25T20:21:18.978Z" },
    { url = "https://files.pythonhosted.org/packages/b8/83/dceca96142499c069475b790e7913b1044c1a4337e700751f48ed723f883/tomli-2.4.1-cp311-cp311-win_arm64.whl", hash = "sha256:c2541745709bad0264b7d4705ad453b76ccd191e64aa6f0fc66b69a293a45ece", size = 95285, upload-time = "2026-03-25T20:21:20.309Z" },
    { url = "https://files.pythonhosted.org/packages/c1/ba/42f134a3fe2b370f555f44b1d72feebb94debcab01676bf918d0cb70e9aa/tomli-2.4.1-cp312-cp312-macosx_10_13_x86_64.whl", hash = "sha256:c742f741d58a28940ce01d58f0ab2ea3ced8b12402f162f4d534dfe18ba1cd6a", size = 155924, upload-time = "2026-03-25T20:21:21.626Z" },
    { url = "https://files.pythonhosted.org/packages/dc/c7/62d7a17c26487ade21c5422b646110f2162f1fcc95980ef7f63e73c68f14/tomli-2.4.1-cp312-cp312-macosx_11_0_arm64.whl", hash = "sha256:7f86fd587c4ed9dd76f318225e7d9b29cfc5a9d43de44e5754db8d1128487085", size = 150018, upload-time = "2026-03-25T20:21:23.002Z" },
    { url = "https://files.pythonhosted.org/packages/5c/05/79d13d7c15f13bdef410bdd49a6485b1c37d28968314eabee452c22a7fda/tomli-2.4.1-cp312-cp312-manylinux2014_aarch64.manylinux_2_17_aarch64.manylinux_2_28_aarch64.whl", hash = "sha256:ff18e6a727ee0ab0388507b89d1bc6a22b138d1e2fa56d1ad494586d61d2eae9", size = 244948, upload-time = "2026-03-25T20:21:24.04Z" },
    { url = "https://files.pythonhosted.org/packages/10/90/d62ce007a1c80d0b2c93e02cab211224756240884751b94ca72df8a875ca/tomli-2.4.1-cp312-cp312-manylinux2014_x86_64.manylinux_2_17_x86_64.manylinux_2_28_x86_64.whl", hash = "sha256:136443dbd7e1dee43c68ac2694fde36b2849865fa258d39bf822c10e8068eac5", size = 253341, upload-time = "2026-03-25T20:21:25.177Z" },
    { url = "https://files.pythonhosted.org/packages/1a/7e/caf6496d60152ad4ed09282c1885cca4eea150bfd007da84aea07bcc0a3e/tomli-2.4.1-cp312-cp312-musllinux_1_2_aarch64.whl", hash = "sha256:5e262d41726bc187e69af7825504c933b6794dc3fbd5945e41a79bb14c31f585", size = 248159, upload-time = "2026-03-25T20:21:26.364Z" },
    { url = "https://files.pythonhosted.org/packages/99/e7/c6f69c3120de34bbd882c6fba7975f3d7a746e9218e56ab46a1bc4b42552/tomli-2.4.1-cp312-cp312-musllinux_1_2_x86_64.whl", hash = "sha256:5cb41aa38891e073ee49d55fbc7839cfdb2bc0e600add13874d048c94aadddd1", size = 253290, upload-time = "2026-03-25T20:21:27.46Z" },
    { url = "https://files.pythonhosted.org/packages/d6/2f/4a3c322f22c5c66c4b836ec58211641a4067364f5dcdd7b974b4c5da300c/tomli-2.4.1-cp312-cp312-win32.whl", hash = "sha256:da25dc3563bff5965356133435b757a795a17b17d01dbc0f42fb32447ddfd917", size = 98141, upload-time = "2026-03-25T20:21:28.492Z" },
    { url = "https://files.pythonhosted.org/packages/24/22/4daacd05391b92c55759d55eaee21e1dfaea86ce5c571f10083360adf534/tomli-2.4.1-cp312-cp312-win_amd64.whl", hash = "sha256:52c8ef851d9a240f11a88c003eacb03c31fc1c9c4ec64a99a0f922b93874fda9", size = 108847, upload-time = "2026-03-25T20:21:29.386Z" },
    { url = "https://files.pythonhosted.org/packages/68/fd/70e768887666ddd9e9f5d85129e84910f2db2796f9096aa02b721a53098d/tomli-2.4.1-cp312-cp312-win_arm64.whl", hash = "sha256:f758f1b9299d059cc3f6546ae2af89670cb1c4d48ea29c3cacc4fe7de3058257", size = 95088, upload-time = "2026-03-25T20:21:30.677Z" },
    { url = "https://files.pythonhosted.org/packages/07/06/b823a7e818c756d9a7123ba2cda7d07bc2dd32835648d1a7b7b7a05d848d/tomli-2.4.1-cp313-cp313-macosx_10_13_x86_64.whl", hash = "sha256:36d2bd2ad5fb9eaddba5226aa02c8ec3fa4f192631e347b3ed28186d43be6b54", size = 155866, upload-time = "2026-03-25T20:21:31.65Z" },
    { url = "https://files.pythonhosted.org/packages/14/6f/12645cf7f08e1a20c7eb8c297c6f11d31c1b50f316a7e7e1e1de6e2e7b7e/tomli-2.4.1-cp313-cp313-macosx_11_0_arm64.whl", hash = "sha256:eb0dc4e38e6a1fd579e5d50369aa2e10acfc9cace504579b2faabb478e76941a", size = 149887, upload-time = "2026-03-25T20:21:33.028Z" },
    { url = "https://files.pythonhosted.org/packages/5c/e0/90637574e5e7212c09099c67ad349b04ec4d6020324539297b634a0192b0/tomli-2.4.1-cp313-cp313-manylinux2014_aarch64.manylinux_2_17_aarch64.manylinux_2_28_aarch64.whl", hash = "sha256:c7f2c7f2b9ca6bdeef8f0fa897f8e05085923eb091721675170254cbc5b02897", size = 243704, upload-time = "2026-03-25T20:21:34.51Z" },
    { url = "https://files.pythonhosted.org/packages/10/8f/d3ddb16c5a4befdf31a23307f72828686ab2096f068eaf56631e136c1fdd/tomli-2.4.1-cp313-cp313-manylinux2014_x86_64.manylinux_2_17_x86_64.manylinux_2_28_x86_64.whl", hash = "sha256:f3c6818a1a86dd6dca7ddcaaf76947d5ba31aecc28cb1b67009a5877c9a64f3f", size = 251628, upload-time = "2026-03-25T20:21:36.012Z" },
    { url = "https://files.pythonhosted.org/packages/e3/f1/dbeeb9116715abee2485bf0a12d07a8f31af94d71608c171c45f64c0469d/tomli-2.4.1-cp313-cp313-musllinux_1_2_aarch64.whl", hash = "sha256:d312ef37c91508b0ab2cee7da26ec0b3ed2f03ce12bd87a588d771ae15dcf82d", size = 247180, upload-time = "2026-03-25T20:21:37.136Z" },
    { url = "https://files.pythonhosted.org/packages/d3/74/16336ffd19ed4da28a70959f92f506233bd7cfc2332b20bdb01591e8b1d1/tomli-2.4.1-cp313-cp313-musllinux_1_2_x86_64.whl", hash = "sha256:51529d40e3ca50046d7606fa99ce3956a617f9b36380da3b7f0dd3dd28e68cb5", size = 251674, upload-time = "2026-03-25T20:21:38.298Z" },
    { url = "https://files.pythonhosted.org/packages/16/f9/229fa3434c590ddf6c0aa9af64d3af4b752540686cace29e6281e3458469/tomli-2.4.1-cp313-cp313-win32.whl", hash = "sha256:2190f2e9dd7508d2a90ded5ed369255980a1bcdd58e52f7fe24b8162bf9fedbd", size = 97976, upload-time = "2026-03-25T20:21:39.316Z" },
    { url = "https://files.pythonhosted.org/packages/6a/1e/71dfd96bcc1c775420cb8befe7a9d35f2e5b1309798f009dca17b7708c1e/tomli-2.4.1-cp313-cp313-win_amd64.whl", hash = "sha256:8d65a2fbf9d2f8352685bc1364177ee3923d6baf5e7f43ea4959d7d8bc326a36", size = 108755, upload-time = "2026-03-25T20:21:40.248Z" },
    { url = "https://files.pythonhosted.org/packages/83/7a/d34f422a021d62420b78f5c538e5b102f62bea616d1d75a13f0a88acb04a/tomli-2.4.1-cp313-cp313-win_arm64.whl", hash = "sha256:4b605484e43cdc43f0954ddae319fb75f04cc10dd80d830540060ee7cd0243cd", size = 95265, upload-time = "2026-03-25T20:21:41.219Z" },
    { url = "https://files.pythonhosted.org/packages/3c/fb/9a5c8d27dbab540869f7c1f8eb0abb3244189ce780ba9cd73f3770662072/tomli-2.4.1-cp314-cp314-macosx_10_15_x86_64.whl", hash = "sha256:fd0409a3653af6c147209d267a0e4243f0ae46b011aa978b1080359fddc9b6cf", size = 155726, upload-time = "2026-03-25T20:21:42.23Z" },
    { url = "https://files.pythonhosted.org/packages/62/05/d2f816630cc771ad836af54f5001f47a6f611d2d39535364f148b6a92d6b/tomli-2.4.1-cp314-cp314-macosx_11_0_arm64.whl", hash = "sha256:a120733b01c45e9a0c34aeef92bf0cf1d56cfe81ed9d47d562f9ed591a9828ac", size = 149859, upload-time = "2026-03-25T20:21:43.386Z" },
    { url = "https://files.pythonhosted.org/packages/ce/48/66341bdb858ad9bd0ceab5a86f90eddab127cf8b046418009f2125630ecb/tomli-2.4.1-cp314-cp314-manylinux2014_aarch64.manylinux_2_17_aarch64.manylinux_2_28_aarch64.whl", hash = "sha256:559db847dc486944896521f68d8190be1c9e719fced785720d2216fe7022b662", size = 244713, upload-time = "2026-03-25T20:21:44.474Z" },
    { url = "https://files.pythonhosted.org/packages/df/6d/c5fad00d82b3c7a3ab6189bd4b10e60466f22cfe8a08a9394185c8a8111c/tomli-2.4.1-cp314-cp314-manylinux2014_x86_64.manylinux_2_17_x86_64.manylinux_2_28_x86_64.whl", hash = "sha256:01f520d4f53ef97964a240a035ec2a869fe1a37dde002b57ebc4417a27ccd853", size = 252084, upload-time = "2026-03-25T20:21:45.62Z" },
    { url = "https://files.pythonhosted.org/packages/00/71/3a69e86f3eafe8c7a59d008d245888051005bd657760e96d5fbfb0b740c2/tomli-2.4.1-cp314-cp314-musllinux_1_2_aarch64.whl", hash = "sha256:7f94b27a62cfad8496c8d2513e1a222dd446f095fca8987fceef261225538a15", size = 247973, upload-time = "2026-03-25T20:21:46.937Z" },
    { url = "https://files.pythonhosted.org/packages/67/50/361e986652847fec4bd5e4a0208752fbe64689c603c7ae5ea7cb16b1c0ca/tomli-2.4.1-cp314-cp314-musllinux_1_2_x86_64.whl", hash = "sha256:ede3e6487c5ef5d28634ba3f31f989030ad6af71edfb0055cbbd14189ff240ba", size = 256223, upload-time = "2026-03-25T20:21:48.467Z" },
    { url = "https://files.pythonhosted.org/packages/8c/9a/b4173689a9203472e5467217e0154b00e260621caa227b6fa01feab16998/tomli-2.4.1-cp314-cp314-win32.whl", hash = "sha256:3d48a93ee1c9b79c04bb38772ee1b64dcf18ff43085896ea460ca8dec96f35f6", size = 98973, upload-time = "2026-03-25T20:21:49.526Z" },
    { url = "https://files.pythonhosted.org/packages/14/58/640ac93bf230cd27d002462c9af0d837779f8773bc03dee06b5835208214/tomli-2.4.1-cp314-cp314-win_amd64.whl", hash = "sha256:88dceee75c2c63af144e456745e10101eb67361050196b0b6af5d717254dddf7", size = 109082, upload-time = "2026-03-25T20:21:50.506Z" },
    { url = "https://files.pythonhosted.org/packages/d5/2f/702d5e05b227401c1068f0d386d79a589bb12bf64c3d2c72ce0631e3bc49/tomli-2.4.1-cp314-cp314-win_arm64.whl", hash = "sha256:b8c198f8c1805dc42708689ed6864951fd2494f924149d3e4bce7710f8eb5232", size = 96490, upload-time = "2026-03-25T20:21:51.474Z" },
    { url = "https://files.pythonhosted.org/packages/45/4b/b877b05c8ba62927d9865dd980e34a755de541eb65fffba52b4cc495d4d2/tomli-2.4.1-cp314-cp314t-macosx_10_15_x86_64.whl", hash = "sha256:d4d8fe59808a54658fcc0160ecfb1b30f9089906c50b23bcb4c69eddc19ec2b4", size = 164263, upload-time = "2026-03-25T20:21:52.543Z" },
    { url = "https://files.pythonhosted.org/packages/24/79/6ab420d37a270b89f7195dec5448f79400d9e9c1826df982f3f8e97b24fd/tomli-2.4.1-cp314-cp314t-macosx_11_0_arm64.whl", hash = "sha256:7008df2e7655c495dd12d2a4ad038ff878d4ca4b81fccaf82b714e07eae4402c", size = 160736, upload-time = "2026-03-25T20:21:53.674Z" },
    { url = "https://files.pythonhosted.org/packages/02/e0/3630057d8eb170310785723ed5adcdfb7d50cb7e6455f85ba8a3deed642b/tomli-2.4.1-cp314-cp314t-manylinux2014_aarch64.manylinux_2_17_aarch64.manylinux_2_28_aarch64.whl", hash = "sha256:1d8591993e228b0c930c4bb0db464bdad97b3289fb981255d6c9a41aedc84b2d", size = 270717, upload-time = "2026-03-25T20:21:55.129Z" },
    { url = "https://files.pythonhosted.org/packages/7a/b4/1613716072e544d1a7891f548d8f9ec6ce2faf42ca65acae01d76ea06bb0/tomli-2.4.1-cp314-cp314t-manylinux2014_x86_64.manylinux_2_17_x86_64.manylinux_2_28_x86_64.whl", hash = "sha256:734e20b57ba95624ecf1841e72b53f6e186355e216e5412de414e3c51e5e3c41", size = 278461, upload-time = "2026-03-25T20:21:56.228Z" },
    { url = "https://files.pythonhosted.org/packages/05/38/30f541baf6a3f6df77b3df16b01ba319221389e2da59427e221ef417ac0c/tomli-2.4.1-cp314-cp314t-musllinux_1_2_aarch64.whl", hash = "sha256:8a650c2dbafa08d42e51ba0b62740dae4ecb9338eefa093aa5c78ceb546fcd5c", size = 274855, upload-time = "2026-03-25T20:21:57.653Z" },
    { url = "https://files.pythonhosted.org/packages/77/a3/ec9dd4fd2c38e98de34223b995a3b34813e6bdadf86c75314c928350ed14/tomli-2.4.1-cp314-cp314t-musllinux_1_2_x86_64.whl", hash = "sha256:504aa796fe0569bb43171066009ead363de03675276d2d121ac1a4572397870f", size = 283144, upload-time = "2026-03-25T20:21:59.089Z" },
    { url = "https://files.pythonhosted.org/packages/ef/be/605a6261cac79fba2ec0c9827e986e00323a1945700969b8ee0b30d85453/tomli-2.4.1-cp314-cp314t-win32.whl", hash = "sha256:b1d22e6e9387bf4739fbe23bfa80e93f6b0373a7f1b96c6227c32bef95a4d7a8", size = 108683, upload-time = "2026-03-25T20:22:00.214Z" },
    { url = "https://files.pythonhosted.org/packages/12/64/da524626d3b9cc40c168a13da8335fe1c51be12c0a63685cc6db7308daae/tomli-2.4.1-cp314-cp314t-win_amd64.whl", hash = "sha256:2c1c351919aca02858f740c6d33adea0c5deea37f9ecca1cc1ef9e884a619d26", size = 121196, upload-time = "2026-03-25T20:22:01.169Z" },
    { url = "https://files.pythonhosted.org/packages/5a/cd/e80b62269fc78fc36c9af5a6b89c835baa8af28ff5ad28c7028d60860320/tomli-2.4.1-cp314-cp314t-win_arm64.whl", hash = "sha256:eab21f45c7f66c13f2a9e0e1535309cee140182a9cdae1e041d02e47291e8396", size = 100393, upload-time = "2026-03-25T20:22:02.137Z" },
    { url = "https://files.pythonhosted.org/packages/7b/61/cceae43728b7de99d9b847560c262873a1f6c98202171fd5ed62640b494b/tomli-2.4.1-py3-none-any.whl", hash = "sha256:0d85819802132122da43cb86656f8d1f8c6587d54ae7dcaf30e90533028b49fe", size = 14583, upload-time = "2026-03-25T20:22:03.012Z" },
]

[[package]]
name = "tree-sitter"
version = "0.26.0"
source = { registry = "https://pypi.org/simple" }
sdist = { url = "https://files.pythonhosted.org/packages/f7/03/5600b84aff2e6c4fe80cfebb4063fe2f50299521befe5f6092ab8c082f4a/tree_sitter-0.26.0.tar.gz", hash = "sha256:b40c219edccc4564530c96f8f1556f6202b37cda964d1cbd7bd2b7e68b40a245", size = 191423, upload-time = "2026-06-30T12:14:27.933Z" }
wheels = [
    { url = "https://files.pythonhosted.org/packages/a4/2f/201c33ea65875d8e4ec73e4d1949718ec49780d84c0adf19793ef75d99a2/tree_sitter-0.26.0-cp310-cp310-macosx_10_9_x86_64.whl", hash = "sha256:ff527388df14cb5009f9274faf78cc69a7393ae6acf3b04784b8acca249519c5", size = 148676, upload-time = "2026-06-30T12:13:42.718Z" },
    { url = "https://files.pythonhosted.org/packages/9e/db/05b9d45dd2b9827bf91b6819e749227ca6d686d58658292c0f149294b18e/tree_sitter-0.26.0-cp310-cp310-macosx_11_0_arm64.whl", hash = "sha256:7bcbadfa614326debef581957d5c780a9d7f66065c13deea61aa21d1dd36263f", size = 140757, upload-time = "2026-06-30T12:13:44.007Z" },
    { url = "https://files.pythonhosted.org/packages/b9/08/1e1da65c1585b8d70130b26d65b41a71737ab623c1fab1008479c2b95b50/tree_sitter-0.26.0-cp310-cp310-manylinux2014_aarch64.manylinux_2_17_aarch64.manylinux_2_28_aarch64.whl", hash = "sha256:2f941cea06128c1f74f8937a8e2a90c7db49cf4be6647cd9e07d92a306d91517", size = 631526, upload-time = "2026-06-30T12:13:45.008Z" },
    { url = "https://files.pythonhosted.org/packages/b0/b7/06353044a80ee58a71e884b4a9b2913705849d81025d87308abdfef8f883/tree_sitter-0.26.0-cp310-cp310-manylinux2014_x86_64.manylinux_2_17_x86_64.manylinux_2_28_x86_64.whl", hash = "sha256:e9e46b664887d8c1014f1fb33e09454bbdd9ec1fe29b7fd02dde7b46bc1bb81a", size = 658688, upload-time = "2026-06-30T12:13:46.491Z" },
    { url = "https://files.pythonhosted.org/packages/df/56/c4b22ccbc4f89ae507c0b76e29f363ad4f16eb38c43f7392b3eb9afec64e/tree_sitter-0.26.0-cp310-cp310-manylinux_2_31_riscv64.manylinux_2_39_riscv64.whl", hash = "sha256:763627db05db34f12333081bd7422cc1c675893d373cc870b3e9249e200700e4", size = 644399, upload-time = "2026-06-30T12:13:47.719Z" },
    { url = "https://files.pythonhosted.org/packages/b5/b7/6b3f0192d5b9b49a199cb0dcd5e45dd1327a82c52c80a49edd790e3a2d9b/tree_sitter-0.26.0-cp310-cp310-musllinux_1_2_x86_64.whl", hash = "sha256:17a1c5cfd3a05d5c7c86bf4282b6ef8092c91dc0a98390499669c3fedb7d1814", size = 655316, upload-time = "2026-06-30T12:13:49.03Z" },
    { url = "https://files.pythonhosted.org/packages/a5/6b/f7475c8f8d699671c2a80c3ed16f5cddd161280c6ed5b845117179c66075/tree_sitter-0.26.0-cp310-cp310-win_amd64.whl", hash = "sha256:f289be0225ba2ace8e87d6c9639b2bc9ff2b5271afb7c5d39282a4a00e248682", size = 129494, upload-time = "2026-06-30T12:13:50.242Z" },
    { url = "https://files.pythonhosted.org/packages/f6/20/0df8dd708638cba7ef875fff4ce80122af7f604f1f0b566de2164108bc01/tree_sitter-0.26.0-cp310-cp310-win_arm64.whl", hash = "sha256:526a165a2cb1d1f79e247d400f0e0acd8d49a817d6f312d543513af200b1f886", size = 116486, upload-time = "2026-06-30T12:13:51.21Z" },
    { url = "https://files.pythonhosted.org/packages/41/18/78aae7e4b5a36daaebb0276e4b07d084d45298758000787838e89329e11f/tree_sitter-0.26.0-cp311-cp311-macosx_10_9_x86_64.whl", hash = "sha256:1d6fe0e8fb4df77b5ee816228e2c4475a63d8cc1d4d3a7ffd7097b2b87fc3e95", size = 148679, upload-time = "2026-06-30T12:13:52.27Z" },
    { url = "https://files.pythonhosted.org/packages/24/e4/b371b9553b0e47d130fc2073e56cab94fecc868be04666bf5bbd1fcd1cc9/tree_sitter-0.26.0-cp311-cp311-macosx_11_0_arm64.whl", hash = "sha256:514a9bf8993e5210e7970736aaf6020d1759b670e195ef17b1c48f586aa30736", size = 140759, upload-time = "2026-06-30T12:13:53.221Z" },
    { url = "https://files.pythonhosted.org/packages/22/7d/266fb0f2c41e6fb00b0f40e7a3338cdf99651e6a6511ca72bc78fc697636/tree_sitter-0.26.0-cp311-cp311-manylinux2014_aarch64.manylinux_2_17_aarch64.manylinux_2_28_aarch64.whl", hash = "sha256:10f0d4eb94aa7242dcb7f554bcd24dd7ba1c114f00d58759ba08c7a46c8ec51a", size = 637206, upload-time = "2026-06-30T12:13:54.334Z" },
    { url = "https://files.pythonhosted.org/packages/40/9f/47cf22febb47132d5b3a507a27bb99ef89fe5c8ec420a13c6daa9b64f782/tree_sitter-0.26.0-cp311-cp311-manylinux2014_x86_64.manylinux_2_17_x86_64.manylinux_2_28_x86_64.whl", hash = "sha256:335294ce0504fcefde5245dff596778ffaf820205b98ae0b549c72e48855f1d8", size = 664758, upload-time = "2026-06-30T12:13:55.42Z" },
    { url = "https://files.pythonhosted.org/packages/4c/4d/8d144ca3beb46a62a5102b6deac76bb0da55235c2c7840faf3b12f2e9d97/tree_sitter-0.26.0-cp311-cp311-manylinux_2_31_riscv64.manylinux_2_39_riscv64.whl", hash = "sha256:f9997ba61368c48ed54e715676afadf703947a1542464e39d047764fb3624b01", size = 647438, upload-time = "2026-06-30T12:13:56.523Z" },
    { url = "https://files.pythonhosted.org/packages/4d/ed/ed1d6e78520c4fb64ed52fec3f2947bf8c1fbad7bc24e282c56193c9ba42/tree_sitter-0.26.0-cp311-cp311-musllinux_1_2_x86_64.whl", hash = "sha256:c56581ad256c4195a21bfe449fed5d44a02fe83a4a7d6e70e6ec302c881191c7", size = 661944, upload-time = "2026-06-30T12:13:57.82Z" },
    { url = "https://files.pythonhosted.org/packages/10/83/45f5bd43db1b8248d2fd08ef6cbe43e2725c539e09a2cfb8bc2818646788/tree_sitter-0.26.0-cp311-cp311-win_amd64.whl", hash = "sha256:0f8793fd18ad7eec276ed4b51c097b4bf2002b357259b66b0d75db1f3f41c754", size = 129496, upload-time = "2026-06-30T12:13:59.216Z" },
    { url = "https://files.pythonhosted.org/packages/f1/8d/be68e6c04563eb54145424cc83fe0aa8b0ba6c90d8989cf8a032671b5f16/tree_sitter-0.26.0-cp311-cp311-win_arm64.whl", hash = "sha256:dea4b4e27d49e9ec5b785d4f994da000e6726882fcc6ad05ec98478500c71aef", size = 116484, upload-time = "2026-06-30T12:14:00.147Z" },
    { url = "https://files.pythonhosted.org/packages/87/ca/565702c44815393e3a973552ad546db4e5ca081ca8698640b4e93d809f51/tree_sitter-0.26.0-cp312-cp312-macosx_10_13_x86_64.whl", hash = "sha256:6cb2bd20efb2544c19ac54486ab7cb8ec7b36f913bbe1ce95df84acb96743d9c", size = 148934, upload-time = "2026-06-30T12:14:01.188Z" },
    { url = "https://files.pythonhosted.org/packages/54/6f/8bb61957f16ec1b1d92410a006cdc84a952b6352a7313b2ad299f2d21484/tree_sitter-0.26.0-cp312-cp312-macosx_11_0_arm64.whl", hash = "sha256:918d89529786873f0982a0f59c2a303cd065fbfd1b903d71a8e4e1584f67b42e", size = 140820, upload-time = "2026-06-30T12:14:02.087Z" },
    { url = "https://files.pythonhosted.org/packages/78/0a/8a6f08559182643a814a4ab559948ae817b2851890fd9b995a4fff6541ce/tree_sitter-0.26.0-cp312-cp312-manylinux2014_aarch64.manylinux_2_17_aarch64.manylinux_2_28_aarch64.whl", hash = "sha256:30a88be89ff1f2755297f81e8080d88b795dd98720c3f9fa2acf93873182cc95", size = 638844, upload-time = "2026-06-30T12:14:03.428Z" },
    { url = "https://files.pythonhosted.org/packages/8a/2f/6e6781b31677231366cb3cf27bc8269157f6d4b03c9032865a4f5f2bbe7e/tree_sitter-0.26.0-cp312-cp312-manylinux2014_x86_64.manylinux_2_17_x86_64.manylinux_2_28_x86_64.whl", hash = "sha256:5a6b333b0282d8bb0af741f9b018bd2523d4eecb2686bf6717066a625fecfaa4", size = 667487, upload-time = "2026-06-30T12:14:04.669Z" },
    { url = "https://files.pythonhosted.org/packages/02/0b/0483078c8567445557a7015b0e5b187f6d7d4fda73464df9c4bdea7f7f3c/tree_sitter-0.26.0-cp312-cp312-manylinux_2_31_riscv64.manylinux_2_39_riscv64.whl", hash = "sha256:3f3c44339dd34fe8eb2b8d5aa7610660499a795f70376b130bbee7a437337280", size = 647975, upload-time = "2026-06-30T12:14:05.797Z" },
    { url = "https://files.pythonhosted.org/packages/27/68/da83ca72c984e96ab4eb3bee0db1a6ffb5de1c8c455f92bd9f420cde7f0e/tree_sitter-0.26.0-cp312-cp312-musllinux_1_2_x86_64.whl", hash = "sha256:94550e13b6ae576969da40246f4c4abb206380b5375ad43f26dd9151d55438e3", size = 665018, upload-time = "2026-06-30T12:14:07.278Z" },
    { url = "https://files.pythonhosted.org/packages/d1/36/4d67927fd47b89af4a00f65f55a7370e28778cd50e972c2430487e3ecc27/tree_sitter-0.26.0-cp312-cp312-win_amd64.whl", hash = "sha256:ca89e361a276dbc934b28a43dd881199e25d34ff5493ee0ce45f3c52a6124a37", size = 129619, upload-time = "2026-06-30T12:14:08.373Z" },
    { url = "https://files.pythonhosted.org/packages/ed/72/cdefad523eb78710679c6da6a79e3d90f5afd32b1c6aa5a17bac7eef99f6/tree_sitter-0.26.0-cp312-cp312-win_arm64.whl", hash = "sha256:bc6cb01d5ee75c85424aa1f1c72a82d8f07fd52539a0f3c4a6ed3e8721079b84", size = 116545, upload-time = "2026-06-30T12:14:09.273Z" },
    { url = "https://files.pythonhosted.org/packages/cb/b0/465257cf8f972ad9f9812ec1cbaa8ec210ebebb601ade9a15881aa2436b4/tree_sitter-0.26.0-cp313-cp313-macosx_10_13_x86_64.whl", hash = "sha256:ed0889dbed843ce45ede9f5169c0b2dea2222f12685844a03fadb81f12705867", size = 148893, upload-time = "2026-06-30T12:14:10.541Z" },
    { url = "https://files.pythonhosted.org/packages/a1/ec/19d093e854b45e807fecfdd26105c266f43aeecc39c4dc97992a7074ad5a/tree_sitter-0.26.0-cp313-cp313-macosx_11_0_arm64.whl", hash = "sha256:6189c6c340c7384357711e3d92645e96bfb79f7a502f86de1ebdb23eb43f7dab", size = 140829, upload-time = "2026-06-30T12:14:11.626Z" },
    { url = "https://files.pythonhosted.org/packages/9b/ee/87e74671ed63a837e7a1f17ab94aa3913871e033b27523d8e7b83d6f7ad0/tree_sitter-0.26.0-cp313-cp313-manylinux2014_aarch64.manylinux_2_17_aarch64.manylinux_2_28_aarch64.whl", hash = "sha256:8ff2e0750b7daa722302838356d7b65e303829b7eb73c915df127ddba115e1d1", size = 639334, upload-time = "2026-06-30T12:14:12.836Z" },
    { url = "https://files.pythonhosted.org/packages/66/e7/f7e04cd9dff6b6ac0adf23922796fbc76accd4cf4bcda50542748d485679/tree_sitter-0.26.0-cp313-cp313-manylinux2014_x86_64.manylinux_2_17_x86_64.manylinux_2_28_x86_64.whl", hash = "sha256:7075ef857ef86f327dbb72d1e2574dda78db5754b3a1fca6506acd7fe5d561a7", size = 668102, upload-time = "2026-06-30T12:14:14.035Z" },
    { url = "https://files.pythonhosted.org/packages/d3/90/0bfb16b7894fea728c774a89d5af421a9368a2f913bbd4e8dcab7caaecfb/tree_sitter-0.26.0-cp313-cp313-manylinux_2_31_riscv64.manylinux_2_39_riscv64.whl", hash = "sha256:26c996c1edfee86e977bb3f5462e74fcec0d0b0db1e85a3c475875763caa03be", size = 648560, upload-time = "2026-06-30T12:14:15.302Z" },
    { url = "https://files.pythonhosted.org/packages/cd/e6/0fe05ba396e9623b0ae40ccf34171336b8701ec8d7bd0ee9f5224d638665/tree_sitter-0.26.0-cp313-cp313-musllinux_1_2_x86_64.whl", hash = "sha256:00289bfe7978f3e0dc0ce69813a20fa9f44ea4c100b3ec62043e5eb74ccfc3a2", size = 665121, upload-time = "2026-06-30T12:14:16.403Z" },
    { url = "https://files.pythonhosted.org/packages/eb/d2/a944b1ca35bed6068dc84a9967aaf3049d8cc0b7a36179eea8787270a6ab/tree_sitter-0.26.0-cp313-cp313-win_amd64.whl", hash = "sha256:93e220cab7e6a823efeb2046c49171427de92ef71c7c681c01820d14d8d3721f", size = 129615, upload-time = "2026-06-30T12:14:17.463Z" },
    { url = "https://files.pythonhosted.org/packages/09/ef/c7ca48293580d2249f36940c4eed5b4ddeb9ce75baf9a4ef30621987e0c7/tree_sitter-0.26.0-cp313-cp313-win_arm64.whl", hash = "sha256:b31a8195d2f224224c530ac814632d98c1dcc123d227442c07c736e86b70d564", size = 116525, upload-time = "2026-06-30T12:14:18.53Z" },
    { url = "https://files.pythonhosted.org/packages/c5/7a/4d84e6f6ae2c3e757490dd84de251712c31e293dfe31f28da1ec019cefa2/tree_sitter-0.26.0-cp314-cp314-macosx_10_15_x86_64.whl", hash = "sha256:5a3c93a352b7e6f70f73e121bbfa2d0117ba7478bd51114ed35c91b0b78814fa", size = 148901, upload-time = "2026-06-30T12:14:19.452Z" },
    { url = "https://files.pythonhosted.org/packages/b0/d9/efe62ec65dc9d096e834d27b8c058127e2146e42ff3380b822a233f016a6/tree_sitter-0.26.0-cp314-cp314-macosx_11_0_arm64.whl", hash = "sha256:5fc2f41bf246ff2f70a9cc3690be35ec7580a4923151873d898c8bcb1a4503d3", size = 140805, upload-time = "2026-06-30T12:14:20.478Z" },
    { url = "https://files.pythonhosted.org/packages/c4/2c/c82326b7b97e3c485c18679883b16f89e5e913c639d3b219d3da70c9e67e/tree_sitter-0.26.0-cp314-cp314-manylinux2014_aarch64.manylinux_2_17_aarch64.manylinux_2_28_aarch64.whl", hash = "sha256:b8ea92a255c91671a7ec4625aba3ab7bb5220c423630ffbf83c45d7312abe084", size = 640586, upload-time = "2026-06-30T12:14:21.527Z" },
    { url = "https://files.pythonhosted.org/packages/e2/7a/f56e7d8282859452611024c7cbc623bfba5b24b8cb9b8f8bc88c5219fe9a/tree_sitter-0.26.0-cp314-cp314-manylinux2014_x86_64.manylinux_2_17_x86_64.manylinux_2_28_x86_64.whl", hash = "sha256:f665510f0fcf4636fb9696f1f7853bed7a3bd764b7bb0cb8494e619c14ed5a0c", size = 668300, upload-time = "2026-06-30T12:14:22.728Z" },
    { url = "https://files.pythonhosted.org/packages/91/51/240ee81b9d5e9ca0a6cb1528e8605ffa70ab58c89ce126631be96d3e4bae/tree_sitter-0.26.0-cp314-cp314-manylinux_2_31_riscv64.manylinux_2_39_riscv64.whl", hash = "sha256:253df7ab82cc0a9d311cd65f06e9f99fb3eac55996ae9fc94da22f123a861b90", size = 649627, upload-time = "2026-06-30T12:14:23.819Z" },
    { url = "https://files.pythonhosted.org/packages/6a/54/760035cefedf9eb44f0f84c4ac22f1322e73155853e272576ee876336312/tree_sitter-0.26.0-cp314-cp314-musllinux_1_2_x86_64.whl", hash = "sha256:ff80d4833d330a73184a3ac5132abe93c575d2dea31975c6f15c0d21fef238aa", size = 664885, upload-time = "2026-06-30T12:14:25.064Z" },
    { url = "https://files.pythonhosted.org/packages/c9/1b/0b36fe2a984ecedc4ce6aefd5d56447a6626a8e9b595c4e48658510ce8f8/tree_sitter-0.26.0-cp314-cp314-win_amd64.whl", hash = "sha256:a4033fecc8f606c7f2e8b8014d0057b74668a7f0152763606f7bc25c5f9ec64c", size = 132688, upload-time = "2026-06-30T12:14:26.106Z" },
    { url = "https://files.pythonhosted.org/packages/4d/74/ebc041a13fbf40144afdb0d4b447e48e0b4012ca866c63de8b48f801f0c1/tree_sitter-0.26.0-cp314-cp314-win_arm64.whl", hash = "sha256:823251c4b6725a7c03ed497a339135ede7ae4bdde75bb8be7ef5e305aeb4ff52", size = 120287, upload-time = "2026-06-30T12:14:26.991Z" },
]

[[package]]
name = "tree-sitter-kotlin"
version = "1.1.0"
source = { registry = "https://pypi.org/simple" }
sdist = { url = "https://files.pythonhosted.org/packages/58/bb/bdab3665eeca21246130eec79c76e42456cfa72d59606266ecdbf37f9a96/tree_sitter_kotlin-1.1.0.tar.gz", hash = "sha256:322a35bdae75e25ae64dae6027be609c5422fab282084117816c4ebcda6168da", size = 1095728, upload-time = "2025-01-09T19:02:18.492Z" }
wheels = [
    { url = "https://files.pythonhosted.org/packages/2c/a5/ce5a2ba7b97db8d90c89516674f5c46e2d41503e00dd743ba7aad4661097/tree_sitter_kotlin-1.1.0-cp39-abi3-macosx_10_9_x86_64.whl", hash = "sha256:6cca5ef06d090e8494ac1d9f0aac71ed32207d412766b5df7da00d94334181a2", size = 312883, upload-time = "2025-01-09T19:02:02.931Z" },
    { url = "https://files.pythonhosted.org/packages/7d/20/66105b6e94d062440955d374e64d030c3173cf4f592f6a6a3c426b3c94d0/tree_sitter_kotlin-1.1.0-cp39-abi3-macosx_11_0_arm64.whl", hash = "sha256:910b41a580dae00d319e555075f3886a41386d1067931b14c7de504eeae3ae2a", size = 337016, upload-time = "2025-01-09T19:02:04.174Z" },
    { url = "https://files.pythonhosted.org/packages/f7/4c/e1ef38fe412fa9851403fc75a653f2b69bbe1e11e2e7faf219631ebe7e4a/tree_sitter_kotlin-1.1.0-cp39-abi3-manylinux_2_17_aarch64.manylinux2014_aarch64.whl", hash = "sha256:906e5444ebb01db439cb3ad65913598a4ea957b0e068aa973265926a17eb00e0", size = 359927, upload-time = "2025-01-09T19:02:06.312Z" },
    { url = "https://files.pythonhosted.org/packages/65/bd/0f3aac45eb88b6b3173ac9c23bc41d8865943cbbe1caaafc001cd1b73c90/tree_sitter_kotlin-1.1.0-cp39-abi3-manylinux_2_5_x86_64.manylinux1_x86_64.manylinux_2_17_x86_64.manylinux2014_x86_64.whl", hash = "sha256:9a92afe24b634cf914c5812af0f5c53184b1c18bdf6ee5505c83afac81f6bf6c", size = 339269, upload-time = "2025-01-09T19:02:08.644Z" },
    { url = "https://files.pythonhosted.org/packages/08/dc/4944abf3a8bc630262e93e0857bd7044d521995c1f6af50650e4fe1fdde0/tree_sitter_kotlin-1.1.0-cp39-abi3-musllinux_1_2_x86_64.whl", hash = "sha256:5960034a5c5bcc7ccb21dc7a29e4267ac4f0ef37884f39d75695eac7f004deff", size = 328921, upload-time = "2025-01-09T19:02:10.346Z" },
    { url = "https://files.pythonhosted.org/packages/24/c9/5cca0a44db41224f7f10992450af17ff432c1a336852efb312246d5705e5/tree_sitter_kotlin-1.1.0-cp39-abi3-win_amd64.whl", hash = "sha256:d4d3f330f515ba8b91da04a5335eb9ff3ce071c7b7855958912f2560f6e14976", size = 315933, upload-time = "2025-01-09T19:02:12.637Z" },
    { url = "https://files.pythonhosted.org/packages/fb/b9/12fa97f63d2b7517c6f5d16938f0c5bfe84d925c652c75ff1c5e29bf6a44/tree_sitter_kotlin-1.1.0-cp39-abi3-win_arm64.whl", hash = "sha256:e030f127a7d07952907adb9070248bd42fb86dc76fd92744727551b50e131ee7", size = 310414, upload-time = "2025-01-09T19:02:16.23Z" },
]

[[package]]
name = "typing-extensions"
version = "4.16.0"
source = { registry = "https://pypi.org/simple" }
sdist = { url = "https://files.pythonhosted.org/packages/f6/cc/6253133b5bb138fc3306cebfbda2c520f545d36b5be2c7255cc528bb45d6/typing_extensions-4.16.0.tar.gz", hash = "sha256:dc983d19a509c94dba722ee6abd33940f7c05a89e243c47e907eb4db6f1a43e5", size = 113555, upload-time = "2026-07-02T08:40:05.92Z" }
wheels = [
    { url = "https://files.pythonhosted.org/packages/49/d3/b8441a820a491ddfc024b0b0cf0393375b75ea13866d9c66727e54c2fc80/typing_extensions-4.16.0-py3-none-any.whl", hash = "sha256:481caa481374e813c1b176ada14e97f1f67a4539ce9cfeb3f350d78d6370c2e8", size = 45571, upload-time = "2026-07-02T08:40:04.659Z" },
]
